// !$*UTF8*$!
{
	archiveVersion = 1;
	classes = {
	};
	objectVersion = 50;
	objects = {

/* Begin PBXBuildFile section */
		902EF37222A863360077CB47 /* AppDelegate.swift in Sources */ = {isa = PBXBuildFile; fileRef = 902EF37122A863360077CB47 /* AppDelegate.swift */; };
		902EF37422A863360077CB47 /* ViewController.swift in Sources */ = {isa = PBXBuildFile; fileRef = 902EF37322A863360077CB47 /* ViewController.swift */; };
		902EF37722A863360077CB47 /* Main.storyboard in Resources */ = {isa = PBXBuildFile; fileRef = 902EF37522A863360077CB47 /* Main.storyboard */; };
		902EF37922A863360077CB47 /* Assets.xcassets in Resources */ = {isa = PBXBuildFile; fileRef = 902EF37822A863360077CB47 /* Assets.xcassets */; };
		902EF37C22A863360077CB47 /* LaunchScreen.storyboard in Resources */ = {isa = PBXBuildFile; fileRef = 902EF37A22A863360077CB47 /* LaunchScreen.storyboard */; };
		902EF38522A865D90077CB47 /* Moderator.swift in Sources */ = {isa = PBXBuildFile; fileRef = 902EF38422A865D90077CB47 /* Moderator.swift */; };
		902EF38822A86A8F0077CB47 /* ModeratorManager.swift in Sources */ = {isa = PBXBuildFile; fileRef = 902EF38722A86A8F0077CB47 /* ModeratorManager.swift */; };
		902EF38A22A8721D0077CB47 /* TestFile in Resources */ = {isa = PBXBuildFile; fileRef = 902EF38922A8721D0077CB47 /* TestFile */; };
		9054A66E22A9C38800E7C8F7 /* WebKit.framework in Frameworks */ = {isa = PBXBuildFile; fileRef = 9054A66D22A9C38800E7C8F7 /* WebKit.framework */; };
		9062E35B22A994B700D7CEC2 /* ModeratorView.xib in Resources */ = {isa = PBXBuildFile; fileRef = 9062E35A22A994B700D7CEC2 /* ModeratorView.xib */; };
		9062E35E22A9955900D7CEC2 /* DataView.swift in Sources */ = {isa = PBXBuildFile; fileRef = 9062E35D22A9955900D7CEC2 /* DataView.swift */; };
		9062E36022A9A43700D7CEC2 /* WebViewController.swift in Sources */ = {isa = PBXBuildFile; fileRef = 9062E35F22A9A43700D7CEC2 /* WebViewController.swift */; };
		9062E36222A9A6D500D7CEC2 /* InfiniteScroller.swift in Sources */ = {isa = PBXBuildFile; fileRef = 9062E36122A9A6D500D7CEC2 /* InfiniteScroller.swift */; };
/* End PBXBuildFile section */

/* Begin PBXFileReference section */
		902EF36E22A863360077CB47 /* Infinite.app */ = {isa = PBXFileReference; explicitFileType = wrapper.application; includeInIndex = 0; path = Infinite.app; sourceTree = BUILT_PRODUCTS_DIR; };
		902EF37122A863360077CB47 /* AppDelegate.swift */ = {isa = PBXFileReference; lastKnownFileType = sourcecode.swift; path = AppDelegate.swift; sourceTree = "<group>"; };
		902EF37322A863360077CB47 /* ViewController.swift */ = {isa = PBXFileReference; lastKnownFileType = sourcecode.swift; path = ViewController.swift; sourceTree = "<group>"; };
		902EF37622A863360077CB47 /* Base */ = {isa = PBXFileReference; lastKnownFileType = file.storyboard; name = Base; path = Base.lproj/Main.storyboard; sourceTree = "<group>"; };
		902EF37822A863360077CB47 /* Assets.xcassets */ = {isa = PBXFileReference; lastKnownFileType = folder.assetcatalog; path = Assets.xcassets; sourceTree = "<group>"; };
		902EF37B22A863360077CB47 /* Base */ = {isa = PBXFileReference; lastKnownFileType = file.storyboard; name = Base; path = Base.lproj/LaunchScreen.storyboard; sourceTree = "<group>"; };
		902EF37D22A863360077CB47 /* Info.plist */ = {isa = PBXFileReference; lastKnownFileType = text.plist.xml; path = Info.plist; sourceTree = "<group>"; };
		902EF38422A865D90077CB47 /* Moderator.swift */ = {isa = PBXFileReference; lastKnownFileType = sourcecode.swift; path = Moderator.swift; sourceTree = "<group>"; };
		902EF38722A86A8F0077CB47 /* ModeratorManager.swift */ = {isa = PBXFileReference; lastKnownFileType = sourcecode.swift; path = ModeratorManager.swift; sourceTree = "<group>"; };
		902EF38922A8721D0077CB47 /* TestFile */ = {isa = PBXFileReference; lastKnownFileType = text; path = TestFile; sourceTree = "<group>"; };
		9054A66D22A9C38800E7C8F7 /* WebKit.framework */ = {isa = PBXFileReference; lastKnownFileType = wrapper.framework; name = WebKit.framework; path = System/Library/Frameworks/WebKit.framework; sourceTree = SDKROOT; };
		9062E35A22A994B700D7CEC2 /* ModeratorView.xib */ = {isa = PBXFileReference; lastKnownFileType = file.xib; path = ModeratorView.xib; sourceTree = "<group>"; };
		9062E35D22A9955900D7CEC2 /* DataView.swift */ = {isa = PBXFileReference; lastKnownFileType = sourcecode.swift; path = DataView.swift; sourceTree = "<group>"; };
		9062E35F22A9A43700D7CEC2 /* WebViewController.swift */ = {isa = PBXFileReference; lastKnownFileType = sourcecode.swift; path = WebViewController.swift; sourceTree = "<group>"; };
		9062E36122A9A6D500D7CEC2 /* InfiniteScroller.swift */ = {isa = PBXFileReference; lastKnownFileType = sourcecode.swift; path = InfiniteScroller.swift; sourceTree = "<group>"; };
/* End PBXFileReference section */

/* Begin PBXFrameworksBuildPhase section */
		902EF36B22A863350077CB47 /* Frameworks */ = {
			isa = PBXFrameworksBuildPhase;
			buildActionMask = 2147483647;
			files = (
				9054A66E22A9C38800E7C8F7 /* WebKit.framework in Frameworks */,
			);
			runOnlyForDeploymentPostprocessing = 0;
		};
/* End PBXFrameworksBuildPhase section */

/* Begin PBXGroup section */
		902EF36522A863350077CB47 = {
			isa = PBXGroup;
			children = (
				902EF37022A863360077CB47 /* Infinite */,
				902EF36F22A863360077CB47 /* Products */,
				9054A66C22A9C38800E7C8F7 /* Frameworks */,
			);
			sourceTree = "<group>";
		};
		902EF36F22A863360077CB47 /* Products */ = {
			isa = PBXGroup;
			children = (
				902EF36E22A863360077CB47 /* Infinite.app */,
			);
			name = Products;
			sourceTree = "<group>";
		};
		902EF37022A863360077CB47 /* Infinite */ = {
			isa = PBXGroup;
			children = (
				902EF38622A86A7B0077CB47 /* Managers */,
				902EF38322A865C70077CB47 /* Models */,
				902EF37122A863360077CB47 /* AppDelegate.swift */,
				9062E35C22A9954800D7CEC2 /* Controllers */,
				902EF37522A863360077CB47 /* Main.storyboard */,
				9062E35A22A994B700D7CEC2 /* ModeratorView.xib */,
				902EF37822A863360077CB47 /* Assets.xcassets */,
				902EF37A22A863360077CB47 /* LaunchScreen.storyboard */,
				902EF37D22A863360077CB47 /* Info.plist */,
				902EF38922A8721D0077CB47 /* TestFile */,
			);
			path = Infinite;
			sourceTree = "<group>";
		};
		902EF38322A865C70077CB47 /* Models */ = {
			isa = PBXGroup;
			children = (
				902EF38422A865D90077CB47 /* Moderator.swift */,
			);
			path = Models;
			sourceTree = "<group>";
		};
		902EF38622A86A7B0077CB47 /* Managers */ = {
			isa = PBXGroup;
			children = (
				902EF38722A86A8F0077CB47 /* ModeratorManager.swift */,
			);
			path = Managers;
			sourceTree = "<group>";
		};
		9054A66C22A9C38800E7C8F7 /* Frameworks */ = {
			isa = PBXGroup;
			children = (
				9054A66D22A9C38800E7C8F7 /* WebKit.framework */,
			);
			name = Frameworks;
			sourceTree = "<group>";
		};
		9062E35C22A9954800D7CEC2 /* Controllers */ = {
			isa = PBXGroup;
			children = (
				902EF37322A863360077CB47 /* ViewController.swift */,
				9062E35D22A9955900D7CEC2 /* DataView.swift */,
				9062E35F22A9A43700D7CEC2 /* WebViewController.swift */,
				9062E36122A9A6D500D7CEC2 /* InfiniteScroller.swift */,
			);
			path = Controllers;
			sourceTree = "<group>";
		};
/* End PBXGroup section */

/* Begin PBXNativeTarget section */
		902EF36D22A863350077CB47 /* Infinite */ = {
			isa = PBXNativeTarget;
			buildConfigurationList = 902EF38022A863360077CB47 /* Build configuration list for PBXNativeTarget "Infinite" */;
			buildPhases = (
				902EF36A22A863350077CB47 /* Sources */,
				902EF36B22A863350077CB47 /* Frameworks */,
				902EF36C22A863350077CB47 /* Resources */,
			);
			buildRules = (
			);
			dependencies = (
			);
			name = Infinite;
			productName = Infinite;
			productReference = 902EF36E22A863360077CB47 /* Infinite.app */;
			productType = "com.apple.product-type.application";
		};
/* End PBXNativeTarget section */

/* Begin PBXProject section */
		902EF36622A863350077CB47 /* Project object */ = {
			isa = PBXProject;
			attributes = {
				LastSwiftUpdateCheck = 1020;
				LastUpgradeCheck = 1020;
				ORGANIZATIONNAME = "Kenneth Cluff";
				TargetAttributes = {
					902EF36D22A863350077CB47 = {
						CreatedOnToolsVersion = 10.2.1;
					};
				};
			};
			buildConfigurationList = 902EF36922A863350077CB47 /* Build configuration list for PBXProject "Infinite" */;
			compatibilityVersion = "Xcode 9.3";
			developmentRegion = en;
			hasScannedForEncodings = 0;
			knownRegions = (
				en,
				Base,
			);
			mainGroup = 902EF36522A863350077CB47;
			productRefGroup = 902EF36F22A863360077CB47 /* Products */;
			projectDirPath = "";
			projectRoot = "";
			targets = (
				902EF36D22A863350077CB47 /* Infinite */,
			);
		};
/* End PBXProject section */

/* Begin PBXResourcesBuildPhase section */
		902EF36C22A863350077CB47 /* Resources */ = {
			isa = PBXResourcesBuildPhase;
			buildActionMask = 2147483647;
			files = (
				902EF38A22A8721D0077CB47 /* TestFile in Resources */,
				902EF37C22A863360077CB47 /* LaunchScreen.storyboard in Resources */,
				902EF37922A863360077CB47 /* Assets.xcassets in Resources */,
				9062E35B22A994B700D7CEC2 /* ModeratorView.xib in Resources */,
				902EF37722A863360077CB47 /* Main.storyboard in Resources */,
			);
			runOnlyForDeploymentPostprocessing = 0;
		};
/* End PBXResourcesBuildPhase section */

/* Begin PBXSourcesBuildPhase section */
		902EF36A22A863350077CB47 /* Sources */ = {
			isa = PBXSourcesBuildPhase;
			buildActionMask = 2147483647;
			files = (
				902EF37422A863360077CB47 /* ViewController.swift in Sources */,
				9062E36022A9A43700D7CEC2 /* WebViewController.swift in Sources */,
				902EF38822A86A8F0077CB47 /* ModeratorManager.swift in Sources */,
				9062E35E22A9955900D7CEC2 /* DataView.swift in Sources */,
				9062E36222A9A6D500D7CEC2 /* InfiniteScroller.swift in Sources */,
				902EF37222A863360077CB47 /* AppDelegate.swift in Sources */,
				902EF38522A865D90077CB47 /* Moderator.swift in Sources */,
			);
			runOnlyForDeploymentPostprocessing = 0;
		};
/* End PBXSourcesBuildPhase section */

/* Begin PBXVariantGroup section */
		902EF37522A863360077CB47 /* Main.storyboard */ = {
			isa = PBXVariantGroup;
			children = (
				902EF37622A863360077CB47 /* Base */,
			);
			name = Main.storyboard;
			sourceTree = "<group>";
		};
		902EF37A22A863360077CB47 /* LaunchScreen.storyboard */ = {
			isa = PBXVariantGroup;
			children = (
				902EF37B22A863360077CB47 /* Base */,
			);
			name = LaunchScreen.storyboard;
			sourceTree = "<group>";
		};
/* End PBXVariantGroup section */

/* Begin XCBuildConfiguration section */
		902EF37E22A863360077CB47 /* Debug */ = {
			isa = XCBuildConfiguration;
			buildSettings = {
				ALWAYS_SEARCH_USER_PATHS = NO;
				CLANG_ANALYZER_NONNULL = YES;
				CLANG_ANALYZER_NUMBER_OBJECT_CONVERSION = YES_AGGRESSIVE;
				CLANG_CXX_LANGUAGE_STANDARD = "gnu++14";
				CLANG_CXX_LIBRARY = "libc++";
				CLANG_ENABLE_MODULES = YES;
				CLANG_ENABLE_OBJC_ARC = YES;
				CLANG_ENABLE_OBJC_WEAK = YES;
				CLANG_WARN_BLOCK_CAPTURE_AUTORELEASING = YES;
				CLANG_WARN_BOOL_CONVERSION = YES;
				CLANG_WARN_COMMA = YES;
				CLANG_WARN_CONSTANT_CONVERSION = YES;
				CLANG_WARN_DEPRECATED_OBJC_IMPLEMENTATIONS = YES;
				CLANG_WARN_DIRECT_OBJC_ISA_USAGE = YES_ERROR;
				CLANG_WARN_DOCUMENTATION_COMMENTS = YES;
				CLANG_WARN_EMPTY_BODY = YES;
				CLANG_WARN_ENUM_CONVERSION = YES;
				CLANG_WARN_INFINITE_RECURSION = YES;
				CLANG_WARN_INT_CONVERSION = YES;
				CLANG_WARN_NON_LITERAL_NULL_CONVERSION = YES;
				CLANG_WARN_OBJC_IMPLICIT_RETAIN_SELF = YES;
				CLANG_WARN_OBJC_LITERAL_CONVERSION = YES;
				CLANG_WARN_OBJC_ROOT_CLASS = YES_ERROR;
				CLANG_WARN_RANGE_LOOP_ANALYSIS = YES;
				CLANG_WARN_STRICT_PROTOTYPES = YES;
				CLANG_WARN_SUSPICIOUS_MOVE = YES;
				CLANG_WARN_UNGUARDED_AVAILABILITY = YES_AGGRESSIVE;
				CLANG_WARN_UNREACHABLE_CODE = YES;
				CLANG_WARN__DUPLICATE_METHOD_MATCH = YES;
				CODE_SIGN_IDENTITY = "iPhone Developer";
				COPY_PHASE_STRIP = NO;
				DEBUG_INFORMATION_FORMAT = dwarf;
				ENABLE_STRICT_OBJC_MSGSEND = YES;
				ENABLE_TESTABILITY = YES;
				GCC_C_LANGUAGE_STANDARD = gnu11;
				GCC_DYNAMIC_NO_PIC = NO;
				GCC_NO_COMMON_BLOCKS = YES;
				GCC_OPTIMIZATION_LEVEL = 0;
				GCC_PREPROCESSOR_DEFINITIONS = (
					"DEBUG=1",
					"$(inherited)",
				);
				GCC_WARN_64_TO_32_BIT_CONVERSION = YES;
				GCC_WARN_ABOUT_RETURN_TYPE = YES_ERROR;
				GCC_WARN_UNDECLARED_SELECTOR = YES;
				GCC_WARN_UNINITIALIZED_AUTOS = YES_AGGRESSIVE;
				GCC_WARN_UNUSED_FUNCTION = YES;
				GCC_WARN_UNUSED_VARIABLE = YES;
				IPHONEOS_DEPLOYMENT_TARGET = 12.2;
				MTL_ENABLE_DEBUG_INFO = INCLUDE_SOURCE;
				MTL_FAST_MATH = YES;
				ONLY_ACTIVE_ARCH = YES;
				SDKROOT = iphoneos;
				SWIFT_ACTIVE_COMPILATION_CONDITIONS = DEBUG;
				SWIFT_OPTIMIZATION_LEVEL = "-Onone";
			};
			name = Debug;
		};
		902EF37F22A863360077CB47 /* Release */ = {
			isa = XCBuildConfiguration;
			buildSettings = {
				ALWAYS_SEARCH_USER_PATHS = NO;
				CLANG_ANALYZER_NONNULL = YES;
				CLANG_ANALYZER_NUMBER_OBJECT_CONVERSION = YES_AGGRESSIVE;
				CLANG_CXX_LANGUAGE_STANDARD = "gnu++14";
				CLANG_CXX_LIBRARY = "libc++";
				CLANG_ENABLE_MODULES = YES;
				CLANG_ENABLE_OBJC_ARC = YES;
				CLANG_ENABLE_OBJC_WEAK = YES;
				CLANG_WARN_BLOCK_CAPTURE_AUTORELEASING = YES;
				CLANG_WARN_BOOL_CONVERSION = YES;
				CLANG_WARN_COMMA = YES;
				CLANG_WARN_CONSTANT_CONVERSION = YES;
				CLANG_WARN_DEPRECATED_OBJC_IMPLEMENTATIONS = YES;
				CLANG_WARN_DIRECT_OBJC_ISA_USAGE = YES_ERROR;
				CLANG_WARN_DOCUMENTATION_COMMENTS = YES;
				CLANG_WARN_EMPTY_BODY = YES;
				CLANG_WARN_ENUM_CONVERSION = YES;
				CLANG_WARN_INFINITE_RECURSION = YES;
				CLANG_WARN_INT_CONVERSION = YES;
				CLANG_WARN_NON_LITERAL_NULL_CONVERSION = YES;
				CLANG_WARN_OBJC_IMPLICIT_RETAIN_SELF = YES;
				CLANG_WARN_OBJC_LITERAL_CONVERSION = YES;
				CLANG_WARN_OBJC_ROOT_CLASS = YES_ERROR;
				CLANG_WARN_RANGE_LOOP_ANALYSIS = YES;
				CLANG_WARN_STRICT_PROTOTYPES = YES;
				CLANG_WARN_SUSPICIOUS_MOVE = YES;
				CLANG_WARN_UNGUARDED_AVAILABILITY = YES_AGGRESSIVE;
				CLANG_WARN_UNREACHABLE_CODE = YES;
				CLANG_WARN__DUPLICATE_METHOD_MATCH = YES;
				CODE_SIGN_IDENTITY = "iPhone Developer";
				COPY_PHASE_STRIP = NO;
				DEBUG_INFORMATION_FORMAT = "dwarf-with-dsym";
				ENABLE_NS_ASSERTIONS = NO;
				ENABLE_STRICT_OBJC_MSGSEND = YES;
				GCC_C_LANGUAGE_STANDARD = gnu11;
				GCC_NO_COMMON_BLOCKS = YES;
				GCC_WARN_64_TO_32_BIT_CONVERSION = YES;
				GCC_WARN_ABOUT_RETURN_TYPE = YES_ERROR;
				GCC_WARN_UNDECLARED_SELECTOR = YES;
				GCC_WARN_UNINITIALIZED_AUTOS = YES_AGGRESSIVE;
				GCC_WARN_UNUSED_FUNCTION = YES;
				GCC_WARN_UNUSED_VARIABLE = YES;
				IPHONEOS_DEPLOYMENT_TARGET = 12.2;
				MTL_ENABLE_DEBUG_INFO = NO;
				MTL_FAST_MATH = YES;
				SDKROOT = iphoneos;
				SWIFT_COMPILATION_MODE = wholemodule;
				SWIFT_OPTIMIZATION_LEVEL = "-O";
				VALIDATE_PRODUCT = YES;
			};
			name = Release;
		};
		902EF38122A863360077CB47 /* Debug */ = {
			isa = XCBuildConfiguration;
			buildSettings = {
				ASSETCATALOG_COMPILER_APPICON_NAME = AppIcon;
				CODE_SIGN_STYLE = Automatic;
				DEVELOPMENT_TEAM = 4MAEKVPSTZ;
				INFOPLIST_FILE = Infinite/Info.plist;
				LD_RUNPATH_SEARCH_PATHS = (
					"$(inherited)",
					"@executable_path/Frameworks",
				);
				PRODUCT_BUNDLE_IDENTIFIER = com.customsoftware.Infinite;
				PRODUCT_NAME = "$(TARGET_NAME)";
				SWIFT_VERSION = 5.0;
				TARGETED_DEVICE_FAMILY = "1,2";
			};
			name = Debug;
		};
		902EF38222A863360077CB47 /* Release */ = {
			isa = XCBuildConfiguration;
			buildSettings = {
				ASSETCATALOG_COMPILER_APPICON_NAME = AppIcon;
				CODE_SIGN_STYLE = Automatic;
				DEVELOPMENT_TEAM = 4MAEKVPSTZ;
				INFOPLIST_FILE = Infinite/Info.plist;
				LD_RUNPATH_SEARCH_PATHS = (
					"$(inherited)",
					"@executable_path/Frameworks",
				);
				PRODUCT_BUNDLE_IDENTIFIER = com.customsoftware.Infinite;
				PRODUCT_NAME = "$(TARGET_NAME)";
				SWIFT_VERSION = 5.0;
				TARGETED_DEVICE_FAMILY = "1,2";
			};
			name = Release;
		};
/* End XCBuildConfiguration section */

/* Begin XCConfigurationList section */
		902EF36922A863350077CB47 /* Build configuration list for PBXProject "Infinite" */ = {
			isa = XCConfigurationList;
			buildConfigurations = (
				902EF37E22A863360077CB47 /* Debug */,
				902EF37F22A863360077CB47 /* Release */,
			);
			defaultConfigurationIsVisible = 0;
			defaultConfigurationName = Release;
		};
		902EF38022A863360077CB47 /* Build configuration list for PBXNativeTarget "Infinite" */ = {
			isa = XCConfigurationList;
			buildConfigurations = (
				902EF38122A863360077CB47 /* Debug */,
				902EF38222A863360077CB47 /* Release */,
			);
			defaultConfigurationIsVisible = 0;
			defaultConfigurationName = Release;
		};
/* End XCConfigurationList section */
	};
	rootObject = 902EF36622A863350077CB47 /* Project object */;
}
